# This file is automatically @generated by Poetry 2.1.1 and should not be changed by hand.

[[package]]
name = "click"
version = "8.2.1"
description = "Composable command line interface toolkit"
optional = false
python-versions = ">=3.10"
groups = ["main"]
files = [
    {file = "click-8.2.1-py3-none-any.whl", hash = "sha256:61a3265b914e850b85317d0b3109c7f8cd35a670f963866005d6ef1d5175a12b"},
    {file = "click-8.2.1.tar.gz", hash = "sha256:27c491cc05d968d271d5a1db13e3b5a184636d9d930f148c50b038f0d0646202"},
]

[package.dependencies]
colorama = {version = "*", markers = "platform_system == \"Windows\""}

[[package]]
name = "colorama"
version = "0.4.6"
description = "Cross-platform colored terminal text."
optional = false
python-versions = "!=3.0.*,!=3.1.*,!=3.2.*,!=3.3.*,!=3.4.*,!=3.5.*,!=3.6.*,>=2.7"
groups = ["main"]
files = [
    {file = "colorama-0.4.6-py2.py3-none-any.whl", hash = "sha256:4f1d9991f5acc0ca119f9d443620b77f9d6b33703e51011c16baf57afb285fc6"},
    {file = "colorama-0.4.6.tar.gz", hash = "sha256:08695f5cb7ed6e0531a20572697297273c47b8cae5a63ffc6d6ed5c201be6e44"},
]

[[package]]
name = "platformdirs"
version = "4.3.8"
description = "A small Python package for determining appropriate platform-specific dirs, e.g. a `user data dir`."
optional = false
python-versions = ">=3.9"
groups = ["main"]
files = [
    {file = "platformdirs-4.3.8-py3-none-any.whl", hash = "sha256:ff7059bb7eb1179e2685604f4aaf157cfd9535242bd23742eadc3c13542139b4"},
    {file = "platformdirs-4.3.8.tar.gz", hash = "sha256:3d512d96e16bcb959a814c9f348431070822a6496326a4be0911c40b5a74c2bc"},
]

[package.extras]
docs = ["furo (>=2024.8.6)", "proselint (>=0.14)", "sphinx (>=8.1.3)", "sphinx-autodoc-typehints (>=3)"]
test = ["appdirs (==1.4.4)", "covdefaults (>=2.3)", "pytest (>=8.3.4)", "pytest-cov (>=6)", "pytest-mock (>=3.14)"]
type = ["mypy (>=1.14.1)"]

[[package]]
name = "pluggy"
version = "1.6.0"
description = "plugin and hook calling mechanisms for python"
optional = false
python-versions = ">=3.9"
groups = ["main"]
files = [
    {file = "pluggy-1.6.0-py3-none-any.whl", hash = "sha256:e920276dd6813095e9377c0bc5566d94c932c33b27a3e3945d8389c374dd4746"},
    {file = "pluggy-1.6.0.tar.gz", hash = "sha256:7dcc130b76258d33b90f61b658791dede3486c3e6bfb003ee5c9bfb396dd22f3"},
]

[package.extras]
dev = ["pre-commit", "tox"]
testing = ["coverage", "pytest", "pytest-benchmark"]

[[package]]
name = "robotcode"
version = "1.2.0"
description = "Command line interface for RobotCode"
optional = false
python-versions = ">=3.8"
groups = ["main"]
files = [
    {file = "robotcode-1.2.0-py3-none-any.whl", hash = "sha256:54ae1078f3cc00d0f8a404770e3f81938edcaf61c9c336c97f3787c0e84e1180"},
    {file = "robotcode-1.2.0.tar.gz", hash = "sha256:1ee3fc2160e5b84416e2417e3ab98df90e652fd87442de25b7289ab229b1d854"},
]

[package.dependencies]
robotcode-core = "1.2.0"
robotcode-plugin = "1.2.0"
robotcode-robot = "1.2.0"

[package.extras]
all = ["docutils", "pyyaml (>=5.4)", "rich", "robotcode-analyze (==1.2.0)", "robotcode-debugger (==1.2.0)", "robotcode-language-server (==1.2.0)", "robotcode-repl (==1.2.0)", "robotcode-repl-server (==1.2.0)", "robotcode-runner (==1.2.0)", "robotframework-robocop (>=2.0.0)", "robotframework-tidy (>=2.0.0)"]
analyze = ["robotcode-analyze (==1.2.0)"]
colored = ["rich"]
debugger = ["robotcode-debugger (==1.2.0)"]
languageserver = ["robotcode-language-server (==1.2.0)"]
lint = ["robotframework-robocop (>=2.0.0)"]
repl = ["robotcode-repl (==1.2.0)"]
replserver = ["robotcode-repl-server (==1.2.0)"]
rest = ["docutils"]
runner = ["robotcode-runner (==1.2.0)"]
tidy = ["robotframework-tidy (>=2.0.0)"]
yaml = ["pyyaml (>=5.4)"]

[[package]]
name = "robotcode-core"
version = "1.2.0"
description = "Some core classes for RobotCode"
optional = false
python-versions = ">=3.8"
groups = ["main"]
files = [
    {file = "robotcode_core-1.2.0-py3-none-any.whl", hash = "sha256:ee8f99c15b067fab662a733bde6e053f2d5d780bfd3daf962792a36231e8e318"},
    {file = "robotcode_core-1.2.0.tar.gz", hash = "sha256:7e568fff2d7089eef6bb6cd8def2c2457aabb658d70c8940d4ca42a9e0ef070d"},
]

[package.dependencies]
typing-extensions = ">=4.4.0"

[[package]]
name = "robotcode-modifiers"
version = "1.2.0"
description = "Some Robot Framework Modifiers for RobotCode"
optional = false
python-versions = ">=3.8"
groups = ["main"]
files = [
    {file = "robotcode_modifiers-1.2.0-py3-none-any.whl", hash = "sha256:7dec322d87bb1a6e3ec5354ed9bd824a88bb7b06b3e7b05941e124ad611b2791"},
    {file = "robotcode_modifiers-1.2.0.tar.gz", hash = "sha256:b97aa2c42fd46e40ceb4f3806c172c93ac38aed8f77dbe6fab8e24c0f7b15f77"},
]

[package.dependencies]
robotframework = ">=4.1.0"

[[package]]
name = "robotcode-plugin"
version = "1.2.0"
description = "Some classes for RobotCode plugin management"
optional = false
python-versions = ">=3.8"
groups = ["main"]
files = [
    {file = "robotcode_plugin-1.2.0-py3-none-any.whl", hash = "sha256:be0d3f84d110060f234fbbdbcaa7b8b36b1590c24128a695d4c9adfac573595d"},
    {file = "robotcode_plugin-1.2.0.tar.gz", hash = "sha256:fe29bc36f720b9ab0d21a0ad3ef88f32cbd602f9c0d9018c3f61ee27ab96937d"},
]

[package.dependencies]
click = ">=8.1.0"
colorama = ">=0.4.6"
pluggy = ">=1.0.0"
tomli-w = ">=1.0.0"

[[package]]
name = "robotcode-robot"
version = "1.2.0"
description = "Support classes for RobotCode for handling Robot Framework projects."
optional = false
python-versions = ">=3.8"
groups = ["main"]
files = [
    {file = "robotcode_robot-1.2.0-py3-none-any.whl", hash = "sha256:dca7f4f78a1b299a13ced652181fec664ce17cbfbac87f69a12755835f373c86"},
    {file = "robotcode_robot-1.2.0.tar.gz", hash = "sha256:b98bc2ca373332814a905f87db251c34673c9eb3f5c4b4de81c4c377079b84fa"},
]

[package.dependencies]
platformdirs = ">=3.2.0,<4.4.0"
robotcode-core = "1.2.0"
robotframework = ">=4.1.0"

[[package]]
name = "robotcode-runner"
version = "1.2.0"
description = "RobotCode runner for Robot Framework"
optional = false
python-versions = ">=3.8"
groups = ["main"]
files = [
    {file = "robotcode_runner-1.2.0-py3-none-any.whl", hash = "sha256:3526a8394e0513bf247e73dcd96513e229d95d0c1e9273a8092b8ca40a404bff"},
    {file = "robotcode_runner-1.2.0.tar.gz", hash = "sha256:82f35a3c93b911ba644021c721e465b2aa703fd17d0051d7e0aaa62fab9d3007"},
]

[package.dependencies]
robotcode = "1.2.0"
robotcode-modifiers = "1.2.0"
robotcode-plugin = "1.2.0"
robotcode-robot = "1.2.0"
robotframework = ">=4.1.0"

[[package]]
name = "robotframework"
version = "7.3"
description = "Generic automation framework for acceptance testing and robotic process automation (RPA)"
optional = false
python-versions = ">=3.8"
groups = ["main"]
files = [
    {file = "robotframework-7.3-py3-none-any.whl", hash = "sha256:68631cc3115760c00f2e4b2822636cbb4c242e1fd8671ce3e88021b3202556fe"},
    {file = "robotframework-7.3.tar.gz", hash = "sha256:676f75a58e34db04cde91922c0bc68d4d73f091b6be753809ce16e9579412323"},
]

[[package]]
name = "robotframework-retryfailed"
version = "0.2.0"
description = "A listener to automatically retry tests or tasks based on flags."
optional = false
python-versions = ">=3.8.0"
groups = ["main"]
files = [
    {file = "robotframework-retryfailed-0.2.0.tar.gz", hash = "sha256:c134a924f480e2666916bcb019a7e255d7229bc51a3747e849bd1e7931ed6eb3"},
    {file = "robotframework_retryfailed-0.2.0-py3-none-any.whl", hash = "sha256:b389dadb446a4d7356d7e953aabfdf2b0497d51df11d3da80abe9d4a8a0992c3"},
]

[package.dependencies]
robotframework = ">=4.1"

[[package]]
name = "tomli-w"
version = "1.2.0"
description = "A lil' TOML writer"
optional = false
python-versions = ">=3.9"
groups = ["main"]
files = [
    {file = "tomli_w-1.2.0-py3-none-any.whl", hash = "sha256:188306098d013b691fcadc011abd66727d3c414c571bb01b1a174ba8c983cf90"},
    {file = "tomli_w-1.2.0.tar.gz", hash = "sha256:2dd14fac5a47c27be9cd4c976af5a12d87fb1f0b4512f81d69cce3b35ae25021"},
]

[[package]]
name = "typing-extensions"
version = "4.14.0"
description = "Backported and Experimental Type Hints for Python 3.9+"
optional = false
python-versions = ">=3.9"
groups = ["main"]
files = [
    {file = "typing_extensions-4.14.0-py3-none-any.whl", hash = "sha256:a1514509136dd0b477638fc68d6a91497af5076466ad0fa6c338e44e359944af"},
    {file = "typing_extensions-4.14.0.tar.gz", hash = "sha256:8676b788e32f02ab42d9e7c61324048ae4c6d844a399eebace3d4979d75ceef4"},
]

[metadata]
lock-version = "2.1"
python-versions = ">=3.11"
content-hash = "44e40bf526c4e046c68c4182dcf941f6fd4316e92cc5940298b18927841a03a6"
